// !$*UTF8*$!
{
	archiveVersion = 1;
	classes = {
	};
	objectVersion = 56;
	objects = {

/* Begin PBXBuildFile section */
		EA2EB5A62BA8648400710B0E /* loginRecipeApp.swift in Sources */ = {isa = PBXBuildFile; fileRef = EA2EB5A52BA8648400710B0E /* loginRecipeApp.swift */; };
		EA2EB5A82BA8648400710B0E /* ContentView.swift in Sources */ = {isa = PBXBuildFile; fileRef = EA2EB5A72BA8648400710B0E /* ContentView.swift */; };
		EA2EB5AA2BA8648500710B0E /* Assets.xcassets in Resources */ = {isa = PBXBuildFile; fileRef = EA2EB5A92BA8648500710B0E /* Assets.xcassets */; };
		EA2EB5AD2BA8648500710B0E /* Preview Assets.xcassets in Resources */ = {isa = PBXBuildFile; fileRef = EA2EB5AC2BA8648500710B0E /* Preview Assets.xcassets */; };
		EA2EB5B72BA8648500710B0E /* loginRecipeTests.swift in Sources */ = {isa = PBXBuildFile; fileRef = EA2EB5B62BA8648500710B0E /* loginRecipeTests.swift */; };
		EA2EB5C12BA8648500710B0E /* loginRecipeUITests.swift in Sources */ = {isa = PBXBuildFile; fileRef = EA2EB5C02BA8648500710B0E /* loginRecipeUITests.swift */; };
		EA2EB5C32BA8648500710B0E /* loginRecipeUITestsLaunchTests.swift in Sources */ = {isa = PBXBuildFile; fileRef = EA2EB5C22BA8648500710B0E /* loginRecipeUITestsLaunchTests.swift */; };
		EA5D35672BC428610023C725 /* SignUp.swift in Sources */ = {isa = PBXBuildFile; fileRef = EA5D35662BC428610023C725 /* SignUp.swift */; };
		EA5D49912BA86B7700F8B945 /* InputFieldView.swift in Sources */ = {isa = PBXBuildFile; fileRef = EA5D49902BA86B7700F8B945 /* InputFieldView.swift */; };
/* End PBXBuildFile section */

/* Begin PBXContainerItemProxy section */
		EA2EB5B32BA8648500710B0E /* PBXContainerItemProxy */ = {
			isa = PBXContainerItemProxy;
			containerPortal = EA2EB59A2BA8648400710B0E /* Project object */;
			proxyType = 1;
			remoteGlobalIDString = EA2EB5A12BA8648400710B0E;
			remoteInfo = loginRecipe;
		};
		EA2EB5BD2BA8648500710B0E /* PBXContainerItemProxy */ = {
			isa = PBXContainerItemProxy;
			containerPortal = EA2EB59A2BA8648400710B0E /* Project object */;
			proxyType = 1;
			remoteGlobalIDString = EA2EB5A12BA8648400710B0E;
			remoteInfo = loginRecipe;
		};
/* End PBXContainerItemProxy section */

/* Begin PBXFileReference section */
		EA2EB5A22BA8648400710B0E /* loginRecipe.app */ = {isa = PBXFileReference; explicitFileType = wrapper.application; includeInIndex = 0; path = loginRecipe.app; sourceTree = BUILT_PRODUCTS_DIR; };
		EA2EB5A52BA8648400710B0E /* loginRecipeApp.swift */ = {isa = PBXFileReference; lastKnownFileType = sourcecode.swift; path = loginRecipeApp.swift; sourceTree = "<group>"; };
		EA2EB5A72BA8648400710B0E /* ContentView.swift */ = {isa = PBXFileReference; lastKnownFileType = sourcecode.swift; path = ContentView.swift; sourceTree = "<group>"; };
		EA2EB5A92BA8648500710B0E /* Assets.xcassets */ = {isa = PBXFileReference; lastKnownFileType = folder.assetcatalog; path = Assets.xcassets; sourceTree = "<group>"; };
		EA2EB5AC2BA8648500710B0E /* Preview Assets.xcassets */ = {isa = PBXFileReference; lastKnownFileType = folder.assetcatalog; path = "Preview Assets.xcassets"; sourceTree = "<group>"; };
		EA2EB5B22BA8648500710B0E /* loginRecipeTests.xctest */ = {isa = PBXFileReference; explicitFileType = wrapper.cfbundle; includeInIndex = 0; path = loginRecipeTests.xctest; sourceTree = BUILT_PRODUCTS_DIR; };
		EA2EB5B62BA8648500710B0E /* loginRecipeTests.swift */ = {isa = PBXFileReference; lastKnownFileType = sourcecode.swift; path = loginRecipeTests.swift; sourceTree = "<group>"; };
		EA2EB5BC2BA8648500710B0E /* loginRecipeUITests.xctest */ = {isa = PBXFileReference; explicitFileType = wrapper.cfbundle; includeInIndex = 0; path = loginRecipeUITests.xctest; sourceTree = BUILT_PRODUCTS_DIR; };
		EA2EB5C02BA8648500710B0E /* loginRecipeUITests.swift */ = {isa = PBXFileReference; lastKnownFileType = sourcecode.swift; path = loginRecipeUITests.swift; sourceTree = "<group>"; };
		EA2EB5C22BA8648500710B0E /* loginRecipeUITestsLaunchTests.swift */ = {isa = PBXFileReference; lastKnownFileType = sourcecode.swift; path = loginRecipeUITestsLaunchTests.swift; sourceTree = "<group>"; };
		EA5D35662BC428610023C725 /* SignUp.swift */ = {isa = PBXFileReference; lastKnownFileType = sourcecode.swift; path = SignUp.swift; sourceTree = "<group>"; };
		EA5D49902BA86B7700F8B945 /* InputFieldView.swift */ = {isa = PBXFileReference; lastKnownFileType = sourcecode.swift; path = InputFieldView.swift; sourceTree = "<group>"; };
/* End PBXFileReference section */

/* Begin PBXFrameworksBuildPhase section */
		EA2EB59F2BA8648400710B0E /* Frameworks */ = {
			isa = PBXFrameworksBuildPhase;
			buildActionMask = 2147483647;
			files = (
			);
			runOnlyForDeploymentPostprocessing = 0;
		};
		EA2EB5AF2BA8648500710B0E /* Frameworks */ = {
			isa = PBXFrameworksBuildPhase;
			buildActionMask = 2147483647;
			files = (
			);
			runOnlyForDeploymentPostprocessing = 0;
		};
		EA2EB5B92BA8648500710B0E /* Frameworks */ = {
			isa = PBXFrameworksBuildPhase;
			buildActionMask = 2147483647;
			files = (
			);
			runOnlyForDeploymentPostprocessing = 0;
		};
/* End PBXFrameworksBuildPhase section */

/* Begin PBXGroup section */
		EA2EB5992BA8648400710B0E = {
			isa = PBXGroup;
			children = (
				EA2EB5A42BA8648400710B0E /* loginRecipe */,
				EA2EB5B52BA8648500710B0E /* loginRecipeTests */,
				EA2EB5BF2BA8648500710B0E /* loginRecipeUITests */,
				EA2EB5A32BA8648400710B0E /* Products */,
			);
			sourceTree = "<group>";
		};
		EA2EB5A32BA8648400710B0E /* Products */ = {
			isa = PBXGroup;
			children = (
				EA2EB5A22BA8648400710B0E /* loginRecipe.app */,
				EA2EB5B22BA8648500710B0E /* loginRecipeTests.xctest */,
				EA2EB5BC2BA8648500710B0E /* loginRecipeUITests.xctest */,
			);
			name = Products;
			sourceTree = "<group>";
		};
		EA2EB5A42BA8648400710B0E /* loginRecipe */ = {
			isa = PBXGroup;
			children = (
				EA2EB5A52BA8648400710B0E /* loginRecipeApp.swift */,
				EA2EB5A72BA8648400710B0E /* ContentView.swift */,
				EA5D49902BA86B7700F8B945 /* InputFieldView.swift */,
				EA5D35662BC428610023C725 /* SignUp.swift */,
				EA2EB5A92BA8648500710B0E /* Assets.xcassets */,
				EA2EB5AB2BA8648500710B0E /* Preview Content */,
			);
			path = loginRecipe;
			sourceTree = "<group>";
		};
		EA2EB5AB2BA8648500710B0E /* Preview Content */ = {
			isa = PBXGroup;
			children = (
				EA2EB5AC2BA8648500710B0E /* Preview Assets.xcassets */,
			);
			path = "Preview Content";
			sourceTree = "<group>";
		};
		EA2EB5B52BA8648500710B0E /* loginRecipeTests */ = {
			isa = PBXGroup;
			children = (
				EA2EB5B62BA8648500710B0E /* loginRecipeTests.swift */,
			);
			path = loginRecipeTests;
			sourceTree = "<group>";
		};
		EA2EB5BF2BA8648500710B0E /* loginRecipeUITests */ = {
			isa = PBXGroup;
			children = (
				EA2EB5C02BA8648500710B0E /* loginRecipeUITests.swift */,
				EA2EB5C22BA8648500710B0E /* loginRecipeUITestsLaunchTests.swift */,
			);
			path = loginRecipeUITests;
			sourceTree = "<group>";
		};
/* End PBXGroup section */

/* Begin PBXNativeTarget section */
		EA2EB5A12BA8648400710B0E /* loginRecipe */ = {
			isa = PBXNativeTarget;
			buildConfigurationList = EA2EB5C62BA8648500710B0E /* Build configuration list for PBXNativeTarget "loginRecipe" */;
			buildPhases = (
				EA2EB59E2BA8648400710B0E /* Sources */,
				EA2EB59F2BA8648400710B0E /* Frameworks */,
				EA2EB5A02BA8648400710B0E /* Resources */,
			);
			buildRules = (
			);
			dependencies = (
			);
			name = loginRecipe;
			productName = loginRecipe;
			productReference = EA2EB5A22BA8648400710B0E /* loginRecipe.app */;
			productType = "com.apple.product-type.application";
		};
		EA2EB5B12BA8648500710B0E /* loginRecipeTests */ = {
			isa = PBXNativeTarget;
			buildConfigurationList = EA2EB5C92BA8648500710B0E /* Build configuration list for PBXNativeTarget "loginRecipeTests" */;
			buildPhases = (
				EA2EB5AE2BA8648500710B0E /* Sources */,
				EA2EB5AF2BA8648500710B0E /* Frameworks */,
				EA2EB5B02BA8648500710B0E /* Resources */,
			);
			buildRules = (
			);
			dependencies = (
				EA2EB5B42BA8648500710B0E /* PBXTargetDependency */,
			);
			name = loginRecipeTests;
			productName = loginRecipeTests;
			productReference = EA2EB5B22BA8648500710B0E /* loginRecipeTests.xctest */;
			productType = "com.apple.product-type.bundle.unit-test";
		};
		EA2EB5BB2BA8648500710B0E /* loginRecipeUITests */ = {
			isa = PBXNativeTarget;
			buildConfigurationList = EA2EB5CC2BA8648500710B0E /* Build configuration list for PBXNativeTarget "loginRecipeUITests" */;
			buildPhases = (
				EA2EB5B82BA8648500710B0E /* Sources */,
				EA2EB5B92BA8648500710B0E /* Frameworks */,
				EA2EB5BA2BA8648500710B0E /* Resources */,
			);
			buildRules = (
			);
			dependencies = (
				EA2EB5BE2BA8648500710B0E /* PBXTargetDependency */,
			);
			name = loginRecipeUITests;
			productName = loginRecipeUITests;
			productReference = EA2EB5BC2BA8648500710B0E /* loginRecipeUITests.xctest */;
			productType = "com.apple.product-type.bundle.ui-testing";
		};
/* End PBXNativeTarget section */

/* Begin PBXProject section */
		EA2EB59A2BA8648400710B0E /* Project object */ = {
			isa = PBXProject;
			attributes = {
				BuildIndependentTargetsInParallel = 1;
				LastSwiftUpdateCheck = 1430;
				LastUpgradeCheck = 1430;
				TargetAttributes = {
					EA2EB5A12BA8648400710B0E = {
						CreatedOnToolsVersion = 14.3.1;
					};
					EA2EB5B12BA8648500710B0E = {
						CreatedOnToolsVersion = 14.3.1;
						TestTargetID = EA2EB5A12BA8648400710B0E;
					};
					EA2EB5BB2BA8648500710B0E = {
						CreatedOnToolsVersion = 14.3.1;
						TestTargetID = EA2EB5A12BA8648400710B0E;
					};
				};
			};
			buildConfigurationList = EA2EB59D2BA8648400710B0E /* Build configuration list for PBXProject "loginRecipe" */;
			compatibilityVersion = "Xcode 14.0";
			developmentRegion = en;
			hasScannedForEncodings = 0;
			knownRegions = (
				en,
				Base,
			);
			mainGroup = EA2EB5992BA8648400710B0E;
			productRefGroup = EA2EB5A32BA8648400710B0E /* Products */;
			projectDirPath = "";
			projectRoot = "";
			targets = (
				EA2EB5A12BA8648400710B0E /* loginRecipe */,
				EA2EB5B12BA8648500710B0E /* loginRecipeTests */,
				EA2EB5BB2BA8648500710B0E /* loginRecipeUITests */,
			);
		};
/* End PBXProject section */

/* Begin PBXResourcesBuildPhase section */
		EA2EB5A02BA8648400710B0E /* Resources */ = {
			isa = PBXResourcesBuildPhase;
			buildActionMask = 2147483647;
			files = (
				EA2EB5AD2BA8648500710B0E /* Preview Assets.xcassets in Resources */,
				EA2EB5AA2BA8648500710B0E /* Assets.xcassets in Resources */,
			);
			runOnlyForDeploymentPostprocessing = 0;
		};
		EA2EB5B02BA8648500710B0E /* Resources */ = {
			isa = PBXResourcesBuildPhase;
			buildActionMask = 2147483647;
			files = (
			);
			runOnlyForDeploymentPostprocessing = 0;
		};
		EA2EB5BA2BA8648500710B0E /* Resources */ = {
			isa = PBXResourcesBuildPhase;
			buildActionMask = 2147483647;
			files = (
			);
			runOnlyForDeploymentPostprocessing = 0;
		};
/* End PBXResourcesBuildPhase section */

/* Begin PBXSourcesBuildPhase section */
		EA2EB59E2BA8648400710B0E /* Sources */ = {
			isa = PBXSourcesBuildPhase;
			buildActionMask = 2147483647;
			files = (
				EA2EB5A82BA8648400710B0E /* ContentView.swift in Sources */,
				EA5D35672BC428610023C725 /* SignUp.swift in Sources */,
				EA2EB5A62BA8648400710B0E /* loginRecipeApp.swift in Sources */,
				EA5D49912BA86B7700F8B945 /* InputFieldView.swift in Sources */,
			);
			runOnlyForDeploymentPostprocessing = 0;
		};
		EA2EB5AE2BA8648500710B0E /* Sources */ = {
			isa = PBXSourcesBuildPhase;
			buildActionMask = 2147483647;
			files = (
				EA2EB5B72BA8648500710B0E /* loginRecipeTests.swift in Sources */,
			);
			runOnlyForDeploymentPostprocessing = 0;
		};
		EA2EB5B82BA8648500710B0E /* Sources */ = {
			isa = PBXSourcesBuildPhase;
			buildActionMask = 2147483647;
			files = (
				EA2EB5C32BA8648500710B0E /* loginRecipeUITestsLaunchTests.swift in Sources */,
				EA2EB5C12BA8648500710B0E /* loginRecipeUITests.swift in Sources */,
			);
			runOnlyForDeploymentPostprocessing = 0;
		};
/* End PBXSourcesBuildPhase section */

/* Begin PBXTargetDependency section */
		EA2EB5B42BA8648500710B0E /* PBXTargetDependency */ = {
			isa = PBXTargetDependency;
			target = EA2EB5A12BA8648400710B0E /* loginRecipe */;
			targetProxy = EA2EB5B32BA8648500710B0E /* PBXContainerItemProxy */;
		};
		EA2EB5BE2BA8648500710B0E /* PBXTargetDependency */ = {
			isa = PBXTargetDependency;
			target = EA2EB5A12BA8648400710B0E /* loginRecipe */;
			targetProxy = EA2EB5BD2BA8648500710B0E /* PBXContainerItemProxy */;
		};
/* End PBXTargetDependency section */

/* Begin XCBuildConfiguration section */
		EA2EB5C42BA8648500710B0E /* Debug */ = {
			isa = XCBuildConfiguration;
			buildSettings = {
				ALWAYS_SEARCH_USER_PATHS = NO;
				CLANG_ANALYZER_NONNULL = YES;
				CLANG_ANALYZER_NUMBER_OBJECT_CONVERSION = YES_AGGRESSIVE;
				CLANG_CXX_LANGUAGE_STANDARD = "gnu++20";
				CLANG_ENABLE_MODULES = YES;
				CLANG_ENABLE_OBJC_ARC = YES;
				CLANG_ENABLE_OBJC_WEAK = YES;
				CLANG_WARN_BLOCK_CAPTURE_AUTORELEASING = YES;
				CLANG_WARN_BOOL_CONVERSION = YES;
				CLANG_WARN_COMMA = YES;
				CLANG_WARN_CONSTANT_CONVERSION = YES;
				CLANG_WARN_DEPRECATED_OBJC_IMPLEMENTATIONS = YES;
				CLANG_WARN_DIRECT_OBJC_ISA_USAGE = YES_ERROR;
				CLANG_WARN_DOCUMENTATION_COMMENTS = YES;
				CLANG_WARN_EMPTY_BODY = YES;
				CLANG_WARN_ENUM_CONVERSION = YES;
				CLANG_WARN_INFINITE_RECURSION = YES;
				CLANG_WARN_INT_CONVERSION = YES;
				CLANG_WARN_NON_LITERAL_NULL_CONVERSION = YES;
				CLANG_WARN_OBJC_IMPLICIT_RETAIN_SELF = YES;
				CLANG_WARN_OBJC_LITERAL_CONVERSION = YES;
				CLANG_WARN_OBJC_ROOT_CLASS = YES_ERROR;
				CLANG_WARN_QUOTED_INCLUDE_IN_FRAMEWORK_HEADER = YES;
				CLANG_WARN_RANGE_LOOP_ANALYSIS = YES;
				CLANG_WARN_STRICT_PROTOTYPES = YES;
				CLANG_WARN_SUSPICIOUS_MOVE = YES;
				CLANG_WARN_UNGUARDED_AVAILABILITY = YES_AGGRESSIVE;
				CLANG_WARN_UNREACHABLE_CODE = YES;
				CLANG_WARN__DUPLICATE_METHOD_MATCH = YES;
				COPY_PHASE_STRIP = NO;
				DEBUG_INFORMATION_FORMAT = dwarf;
				ENABLE_STRICT_OBJC_MSGSEND = YES;
				ENABLE_TESTABILITY = YES;
				GCC_C_LANGUAGE_STANDARD = gnu11;
				GCC_DYNAMIC_NO_PIC = NO;
				GCC_NO_COMMON_BLOCKS = YES;
				GCC_OPTIMIZATION_LEVEL = 0;
				GCC_PREPROCESSOR_DEFINITIONS = (
					"DEBUG=1",
					"$(inherited)",
				);
				GCC_WARN_64_TO_32_BIT_CONVERSION = YES;
				GCC_WARN_ABOUT_RETURN_TYPE = YES_ERROR;
				GCC_WARN_UNDECLARED_SELECTOR = YES;
				GCC_WARN_UNINITIALIZED_AUTOS = YES_AGGRESSIVE;
				GCC_WARN_UNUSED_FUNCTION = YES;
				GCC_WARN_UNUSED_VARIABLE = YES;
				IPHONEOS_DEPLOYMENT_TARGET = 16.4;
				MTL_ENABLE_DEBUG_INFO = INCLUDE_SOURCE;
				MTL_FAST_MATH = YES;
				ONLY_ACTIVE_ARCH = YES;
				SDKROOT = iphoneos;
				SWIFT_ACTIVE_COMPILATION_CONDITIONS = DEBUG;
				SWIFT_OPTIMIZATION_LEVEL = "-Onone";
			};
			name = Debug;
		};
		EA2EB5C52BA8648500710B0E /* Release */ = {
			isa = XCBuildConfiguration;
			buildSettings = {
				ALWAYS_SEARCH_USER_PATHS = NO;
				CLANG_ANALYZER_NONNULL = YES;
				CLANG_ANALYZER_NUMBER_OBJECT_CONVERSION = YES_AGGRESSIVE;
				CLANG_CXX_LANGUAGE_STANDARD = "gnu++20";
				CLANG_ENABLE_MODULES = YES;
				CLANG_ENABLE_OBJC_ARC = YES;
				CLANG_ENABLE_OBJC_WEAK = YES;
				CLANG_WARN_BLOCK_CAPTURE_AUTORELEASING = YES;
				CLANG_WARN_BOOL_CONVERSION = YES;
				CLANG_WARN_COMMA = YES;
				CLANG_WARN_CONSTANT_CONVERSION = YES;
				CLANG_WARN_DEPRECATED_OBJC_IMPLEMENTATIONS = YES;
				CLANG_WARN_DIRECT_OBJC_ISA_USAGE = YES_ERROR;
				CLANG_WARN_DOCUMENTATION_COMMENTS = YES;
				CLANG_WARN_EMPTY_BODY = YES;
				CLANG_WARN_ENUM_CONVERSION = YES;
				CLANG_WARN_INFINITE_RECURSION = YES;
				CLANG_WARN_INT_CONVERSION = YES;
				CLANG_WARN_NON_LITERAL_NULL_CONVERSION = YES;
				CLANG_WARN_OBJC_IMPLICIT_RETAIN_SELF = YES;
				CLANG_WARN_OBJC_LITERAL_CONVERSION = YES;
				CLANG_WARN_OBJC_ROOT_CLASS = YES_ERROR;
				CLANG_WARN_QUOTED_INCLUDE_IN_FRAMEWORK_HEADER = YES;
				CLANG_WARN_RANGE_LOOP_ANALYSIS = YES;
				CLANG_WARN_STRICT_PROTOTYPES = YES;
				CLANG_WARN_SUSPICIOUS_MOVE = YES;
				CLANG_WARN_UNGUARDED_AVAILABILITY = YES_AGGRESSIVE;
				CLANG_WARN_UNREACHABLE_CODE = YES;
				CLANG_WARN__DUPLICATE_METHOD_MATCH = YES;
				COPY_PHASE_STRIP = NO;
				DEBUG_INFORMATION_FORMAT = "dwarf-with-dsym";
				ENABLE_NS_ASSERTIONS = NO;
				ENABLE_STRICT_OBJC_MSGSEND = YES;
				GCC_C_LANGUAGE_STANDARD = gnu11;
				GCC_NO_COMMON_BLOCKS = YES;
				GCC_WARN_64_TO_32_BIT_CONVERSION = YES;
				GCC_WARN_ABOUT_RETURN_TYPE = YES_ERROR;
				GCC_WARN_UNDECLARED_SELECTOR = YES;
				GCC_WARN_UNINITIALIZED_AUTOS = YES_AGGRESSIVE;
				GCC_WARN_UNUSED_FUNCTION = YES;
				GCC_WARN_UNUSED_VARIABLE = YES;
				IPHONEOS_DEPLOYMENT_TARGET = 16.4;
				MTL_ENABLE_DEBUG_INFO = NO;
				MTL_FAST_MATH = YES;
				SDKROOT = iphoneos;
				SWIFT_COMPILATION_MODE = wholemodule;
				SWIFT_OPTIMIZATION_LEVEL = "-O";
				VALIDATE_PRODUCT = YES;
			};
			name = Release;
		};
		EA2EB5C72BA8648500710B0E /* Debug */ = {
			isa = XCBuildConfiguration;
			buildSettings = {
				ASSETCATALOG_COMPILER_APPICON_NAME = AppIcon;
				ASSETCATALOG_COMPILER_GLOBAL_ACCENT_COLOR_NAME = AccentColor;
				CODE_SIGN_STYLE = Automatic;
				CURRENT_PROJECT_VERSION = 1;
				DEVELOPMENT_ASSET_PATHS = "\"loginRecipe/Preview Content\"";
				ENABLE_PREVIEWS = YES;
				GENERATE_INFOPLIST_FILE = YES;
				INFOPLIST_KEY_UIApplicationSceneManifest_Generation = YES;
				INFOPLIST_KEY_UIApplicationSupportsIndirectInputEvents = YES;
				INFOPLIST_KEY_UILaunchScreen_Generation = YES;
				INFOPLIST_KEY_UISupportedInterfaceOrientations_iPad = "UIInterfaceOrientationPortrait UIInterfaceOrientationPortraitUpsideDown UIInterfaceOrientationLandscapeLeft UIInterfaceOrientationLandscapeRight";
				INFOPLIST_KEY_UISupportedInterfaceOrientations_iPhone = "UIInterfaceOrientationPortrait UIInterfaceOrientationLandscapeLeft UIInterfaceOrientationLandscapeRight";
				LD_RUNPATH_SEARCH_PATHS = (
					"$(inherited)",
					"@executable_path/Frameworks",
				);
				MARKETING_VERSION = 1.0;
				PRODUCT_BUNDLE_IDENTIFIER = edu.mdc.loginRecipe;
				PRODUCT_NAME = "$(TARGET_NAME)";
				SWIFT_EMIT_LOC_STRINGS = YES;
				SWIFT_VERSION = 5.0;
				TARGETED_DEVICE_FAMILY = "1,2";
			};
			name = Debug;
		};
		EA2EB5C82BA8648500710B0E /* Release */ = {
			isa = XCBuildConfiguration;
			buildSettings = {
				ASSETCATALOG_COMPILER_APPICON_NAME = AppIcon;
				ASSETCATALOG_COMPILER_GLOBAL_ACCENT_COLOR_NAME = AccentColor;
				CODE_SIGN_STYLE = Automatic;
				CURRENT_PROJECT_VERSION = 1;
				DEVELOPMENT_ASSET_PATHS = "\"loginRecipe/Preview Content\"";
				ENABLE_PREVIEWS = YES;
				GENERATE_INFOPLIST_FILE = YES;
				INFOPLIST_KEY_UIApplicationSceneManifest_Generation = YES;
				INFOPLIST_KEY_UIApplicationSupportsIndirectInputEvents = YES;
				INFOPLIST_KEY_UILaunchScreen_Generation = YES;
				INFOPLIST_KEY_UISupportedInterfaceOrientations_iPad = "UIInterfaceOrientationPortrait UIInterfaceOrientationPortraitUpsideDown UIInterfaceOrientationLandscapeLeft UIInterfaceOrientationLandscapeRight";
				INFOPLIST_KEY_UISupportedInterfaceOrientations_iPhone = "UIInterfaceOrientationPortrait UIInterfaceOrientationLandscapeLeft UIInterfaceOrientationLandscapeRight";
				LD_RUNPATH_SEARCH_PATHS = (
					"$(inherited)",
					"@executable_path/Frameworks",
				);
				MARKETING_VERSION = 1.0;
				PRODUCT_BUNDLE_IDENTIFIER = edu.mdc.loginRecipe;
				PRODUCT_NAME = "$(TARGET_NAME)";
				SWIFT_EMIT_LOC_STRINGS = YES;
				SWIFT_VERSION = 5.0;
				TARGETED_DEVICE_FAMILY = "1,2";
			};
			name = Release;
		};
		EA2EB5CA2BA8648500710B0E /* Debug */ = {
			isa = XCBuildConfiguration;
			buildSettings = {
				ALWAYS_EMBED_SWIFT_STANDARD_LIBRARIES = YES;
				BUNDLE_LOADER = "$(TEST_HOST)";
				CODE_SIGN_STYLE = Automatic;
				CURRENT_PROJECT_VERSION = 1;
				GENERATE_INFOPLIST_FILE = YES;
				IPHONEOS_DEPLOYMENT_TARGET = 16.4;
				MARKETING_VERSION = 1.0;
				PRODUCT_BUNDLE_IDENTIFIER = edu.mdc.loginRecipeTests;
				PRODUCT_NAME = "$(TARGET_NAME)";
				SWIFT_EMIT_LOC_STRINGS = NO;
				SWIFT_VERSION = 5.0;
				TARGETED_DEVICE_FAMILY = "1,2";
				TEST_HOST = "$(BUILT_PRODUCTS_DIR)/loginRecipe.app/$(BUNDLE_EXECUTABLE_FOLDER_PATH)/loginRecipe";
			};
			name = Debug;
		};
		EA2EB5CB2BA8648500710B0E /* Release */ = {
			isa = XCBuildConfiguration;
			buildSettings = {
				ALWAYS_EMBED_SWIFT_STANDARD_LIBRARIES = YES;
				BUNDLE_LOADER = "$(TEST_HOST)";
				CODE_SIGN_STYLE = Automatic;
				CURRENT_PROJECT_VERSION = 1;
				GENERATE_INFOPLIST_FILE = YES;
				IPHONEOS_DEPLOYMENT_TARGET = 16.4;
				MARKETING_VERSION = 1.0;
				PRODUCT_BUNDLE_IDENTIFIER = edu.mdc.loginRecipeTests;
				PRODUCT_NAME = "$(TARGET_NAME)";
				SWIFT_EMIT_LOC_STRINGS = NO;
				SWIFT_VERSION = 5.0;
				TARGETED_DEVICE_FAMILY = "1,2";
				TEST_HOST = "$(BUILT_PRODUCTS_DIR)/loginRecipe.app/$(BUNDLE_EXECUTABLE_FOLDER_PATH)/loginRecipe";
			};
			name = Release;
		};
		EA2EB5CD2BA8648500710B0E /* Debug */ = {
			isa = XCBuildConfiguration;
			buildSettings = {
				ALWAYS_EMBED_SWIFT_STANDARD_LIBRARIES = YES;
				CODE_SIGN_STYLE = Automatic;
				CURRENT_PROJECT_VERSION = 1;
				GENERATE_INFOPLIST_FILE = YES;
				MARKETING_VERSION = 1.0;
				PRODUCT_BUNDLE_IDENTIFIER = edu.mdc.loginRecipeUITests;
				PRODUCT_NAME = "$(TARGET_NAME)";
				SWIFT_EMIT_LOC_STRINGS = NO;
				SWIFT_VERSION = 5.0;
				TARGETED_DEVICE_FAMILY = "1,2";
				TEST_TARGET_NAME = loginRecipe;
			};
			name = Debug;
		};
		EA2EB5CE2BA8648500710B0E /* Release */ = {
			isa = XCBuildConfiguration;
			buildSettings = {
				ALWAYS_EMBED_SWIFT_STANDARD_LIBRARIES = YES;
				CODE_SIGN_STYLE = Automatic;
				CURRENT_PROJECT_VERSION = 1;
				GENERATE_INFOPLIST_FILE = YES;
				MARKETING_VERSION = 1.0;
				PRODUCT_BUNDLE_IDENTIFIER = edu.mdc.loginRecipeUITests;
				PRODUCT_NAME = "$(TARGET_NAME)";
				SWIFT_EMIT_LOC_STRINGS = NO;
				SWIFT_VERSION = 5.0;
				TARGETED_DEVICE_FAMILY = "1,2";
				TEST_TARGET_NAME = loginRecipe;
			};
			name = Release;
		};
/* End XCBuildConfiguration section */

/* Begin XCConfigurationList section */
		EA2EB59D2BA8648400710B0E /* Build configuration list for PBXProject "loginRecipe" */ = {
			isa = XCConfigurationList;
			buildConfigurations = (
				EA2EB5C42BA8648500710B0E /* Debug */,
				EA2EB5C52BA8648500710B0E /* Release */,
			);
			defaultConfigurationIsVisible = 0;
			defaultConfigurationName = Release;
		};
		EA2EB5C62BA8648500710B0E /* Build configuration list for PBXNativeTarget "loginRecipe" */ = {
			isa = XCConfigurationList;
			buildConfigurations = (
				EA2EB5C72BA8648500710B0E /* Debug */,
				EA2EB5C82BA8648500710B0E /* Release */,
			);
			defaultConfigurationIsVisible = 0;
			defaultConfigurationName = Release;
		};
		EA2EB5C92BA8648500710B0E /* Build configuration list for PBXNativeTarget "loginRecipeTests" */ = {
			isa = XCConfigurationList;
			buildConfigurations = (
				EA2EB5CA2BA8648500710B0E /* Debug */,
				EA2EB5CB2BA8648500710B0E /* Release */,
			);
			defaultConfigurationIsVisible = 0;
			defaultConfigurationName = Release;
		};
		EA2EB5CC2BA8648500710B0E /* Build configuration list for PBXNativeTarget "loginRecipeUITests" */ = {
			isa = XCConfigurationList;
			buildConfigurations = (
				EA2EB5CD2BA8648500710B0E /* Debug */,
				EA2EB5CE2BA8648500710B0E /* Release */,
			);
			defaultConfigurationIsVisible = 0;
			defaultConfigurationName = Release;
		};
/* End XCConfigurationList section */
	};
	rootObject = EA2EB59A2BA8648400710B0E /* Project object */;
}
